// !$*UTF8*$!
{
	archiveVersion = 1;
	classes = {
	};
	objectVersion = 56;
	objects = {

/* Begin PBXBuildFile section */
		0455BBF6A3BF1792A2D46358 /* Pods_PinterestLayout.framework in Frameworks */ = {isa = PBXBuildFile; fileRef = 66D14732689FF35120EC65EC /* Pods_PinterestLayout.framework */; };
		05F0D8492CAFC0E50043B68E /* AppDelegate.swift in Sources */ = {isa = PBXBuildFile; fileRef = 05F0D8482CAFC0E50043B68E /* AppDelegate.swift */; };
		05F0D84B2CAFC0E50043B68E /* SceneDelegate.swift in Sources */ = {isa = PBXBuildFile; fileRef = 05F0D84A2CAFC0E50043B68E /* SceneDelegate.swift */; };
		05F0D84D2CAFC0E50043B68E /* ViewController.swift in Sources */ = {isa = PBXBuildFile; fileRef = 05F0D84C2CAFC0E50043B68E /* ViewController.swift */; };
		05F0D8502CAFC0E50043B68E /* Main.storyboard in Resources */ = {isa = PBXBuildFile; fileRef = 05F0D84E2CAFC0E50043B68E /* Main.storyboard */; };
		05F0D8522CAFC0E50043B68E /* Assets.xcassets in Resources */ = {isa = PBXBuildFile; fileRef = 05F0D8512CAFC0E50043B68E /* Assets.xcassets */; };
		05F0D8552CAFC0E50043B68E /* LaunchScreen.storyboard in Resources */ = {isa = PBXBuildFile; fileRef = 05F0D8532CAFC0E50043B68E /* LaunchScreen.storyboard */; };
		05F0D85E2CAFC3150043B68E /* ReferenceValues.swift in Sources */ = {isa = PBXBuildFile; fileRef = 05F0D85D2CAFC3150043B68E /* ReferenceValues.swift */; };
		05F0D85F2CAFC3150043B68E /* SupportingMethods.swift in Sources */ = {isa = PBXBuildFile; fileRef = 05F0D85C2CAFC3150043B68E /* SupportingMethods.swift */; };
		05F0D8612CAFC3A20043B68E /* PinterestLayout.swift in Sources */ = {isa = PBXBuildFile; fileRef = 05F0D8602CAFC3A20043B68E /* PinterestLayout.swift */; };
		05F0D8632CAFC3FE0043B68E /* ImageCollectionViewCell.swift in Sources */ = {isa = PBXBuildFile; fileRef = 05F0D8622CAFC3FE0043B68E /* ImageCollectionViewCell.swift */; };
		05F0D8652CAFC5EE0043B68E /* PretendardVariable.ttf in Resources */ = {isa = PBXBuildFile; fileRef = 05F0D8642CAFC5C50043B68E /* PretendardVariable.ttf */; };
/* End PBXBuildFile section */

/* Begin PBXFileReference section */
		05F0D8452CAFC0E50043B68E /* PinterestLayout.app */ = {isa = PBXFileReference; explicitFileType = wrapper.application; includeInIndex = 0; path = PinterestLayout.app; sourceTree = BUILT_PRODUCTS_DIR; };
		05F0D8482CAFC0E50043B68E /* AppDelegate.swift */ = {isa = PBXFileReference; lastKnownFileType = sourcecode.swift; path = AppDelegate.swift; sourceTree = "<group>"; };
		05F0D84A2CAFC0E50043B68E /* SceneDelegate.swift */ = {isa = PBXFileReference; lastKnownFileType = sourcecode.swift; path = SceneDelegate.swift; sourceTree = "<group>"; };
		05F0D84C2CAFC0E50043B68E /* ViewController.swift */ = {isa = PBXFileReference; lastKnownFileType = sourcecode.swift; path = ViewController.swift; sourceTree = "<group>"; };
		05F0D84F2CAFC0E50043B68E /* Base */ = {isa = PBXFileReference; lastKnownFileType = file.storyboard; name = Base; path = Base.lproj/Main.storyboard; sourceTree = "<group>"; };
		05F0D8512CAFC0E50043B68E /* Assets.xcassets */ = {isa = PBXFileReference; lastKnownFileType = folder.assetcatalog; path = Assets.xcassets; sourceTree = "<group>"; };
		05F0D8542CAFC0E50043B68E /* Base */ = {isa = PBXFileReference; lastKnownFileType = file.storyboard; name = Base; path = Base.lproj/LaunchScreen.storyboard; sourceTree = "<group>"; };
		05F0D8562CAFC0E50043B68E /* Info.plist */ = {isa = PBXFileReference; lastKnownFileType = text.plist.xml; path = Info.plist; sourceTree = "<group>"; };
		05F0D85C2CAFC3150043B68E /* SupportingMethods.swift */ = {isa = PBXFileReference; lastKnownFileType = sourcecode.swift; path = SupportingMethods.swift; sourceTree = "<group>"; };
		05F0D85D2CAFC3150043B68E /* ReferenceValues.swift */ = {isa = PBXFileReference; lastKnownFileType = sourcecode.swift; path = ReferenceValues.swift; sourceTree = "<group>"; };
		05F0D8602CAFC3A20043B68E /* PinterestLayout.swift */ = {isa = PBXFileReference; lastKnownFileType = sourcecode.swift; path = PinterestLayout.swift; sourceTree = "<group>"; };
		05F0D8622CAFC3FE0043B68E /* ImageCollectionViewCell.swift */ = {isa = PBXFileReference; lastKnownFileType = sourcecode.swift; path = ImageCollectionViewCell.swift; sourceTree = "<group>"; };
		05F0D8642CAFC5C50043B68E /* PretendardVariable.ttf */ = {isa = PBXFileReference; lastKnownFileType = file; path = PretendardVariable.ttf; sourceTree = "<group>"; };
		371EBB99239EE9ADC6E21BCF /* Pods-PinterestLayout.debug.xcconfig */ = {isa = PBXFileReference; includeInIndex = 1; lastKnownFileType = text.xcconfig; name = "Pods-PinterestLayout.debug.xcconfig"; path = "Target Support Files/Pods-PinterestLayout/Pods-PinterestLayout.debug.xcconfig"; sourceTree = "<group>"; };
		66D14732689FF35120EC65EC /* Pods_PinterestLayout.framework */ = {isa = PBXFileReference; explicitFileType = wrapper.framework; includeInIndex = 0; path = Pods_PinterestLayout.framework; sourceTree = BUILT_PRODUCTS_DIR; };
		C9E47A1A6057EA7B07F46A90 /* Pods-PinterestLayout.release.xcconfig */ = {isa = PBXFileReference; includeInIndex = 1; lastKnownFileType = text.xcconfig; name = "Pods-PinterestLayout.release.xcconfig"; path = "Target Support Files/Pods-PinterestLayout/Pods-PinterestLayout.release.xcconfig"; sourceTree = "<group>"; };
/* End PBXFileReference section */

/* Begin PBXFrameworksBuildPhase section */
		05F0D8422CAFC0E50043B68E /* Frameworks */ = {
			isa = PBXFrameworksBuildPhase;
			buildActionMask = 2147483647;
			files = (
				0455BBF6A3BF1792A2D46358 /* Pods_PinterestLayout.framework in Frameworks */,
			);
			runOnlyForDeploymentPostprocessing = 0;
		};
/* End PBXFrameworksBuildPhase section */

/* Begin PBXGroup section */
		05F0D83C2CAFC0E50043B68E = {
			isa = PBXGroup;
			children = (
				05F0D8472CAFC0E50043B68E /* PinterestLayout */,
				05F0D8462CAFC0E50043B68E /* Products */,
				8547D4940830C12AEBA71ED4 /* Pods */,
				2A1857E94D9C860F2399E24B /* Frameworks */,
			);
			sourceTree = "<group>";
		};
		05F0D8462CAFC0E50043B68E /* Products */ = {
			isa = PBXGroup;
			children = (
				05F0D8452CAFC0E50043B68E /* PinterestLayout.app */,
			);
			name = Products;
			sourceTree = "<group>";
		};
		05F0D8472CAFC0E50043B68E /* PinterestLayout */ = {
			isa = PBXGroup;
			children = (
				05F0D8482CAFC0E50043B68E /* AppDelegate.swift */,
				05F0D84A2CAFC0E50043B68E /* SceneDelegate.swift */,
				05F0D84C2CAFC0E50043B68E /* ViewController.swift */,
				05F0D8622CAFC3FE0043B68E /* ImageCollectionViewCell.swift */,
				05F0D8602CAFC3A20043B68E /* PinterestLayout.swift */,
				05F0D85D2CAFC3150043B68E /* ReferenceValues.swift */,
				05F0D85C2CAFC3150043B68E /* SupportingMethods.swift */,
				05F0D84E2CAFC0E50043B68E /* Main.storyboard */,
				05F0D8512CAFC0E50043B68E /* Assets.xcassets */,
				05F0D8532CAFC0E50043B68E /* LaunchScreen.storyboard */,
				05F0D8562CAFC0E50043B68E /* Info.plist */,
				05F0D8642CAFC5C50043B68E /* PretendardVariable.ttf */,
			);
			path = PinterestLayout;
			sourceTree = "<group>";
		};
		2A1857E94D9C860F2399E24B /* Frameworks */ = {
			isa = PBXGroup;
			children = (
				66D14732689FF35120EC65EC /* Pods_PinterestLayout.framework */,
			);
			name = Frameworks;
			sourceTree = "<group>";
		};
		8547D4940830C12AEBA71ED4 /* Pods */ = {
			isa = PBXGroup;
			children = (
				371EBB99239EE9ADC6E21BCF /* Pods-PinterestLayout.debug.xcconfig */,
				C9E47A1A6057EA7B07F46A90 /* Pods-PinterestLayout.release.xcconfig */,
			);
			path = Pods;
			sourceTree = "<group>";
		};
/* End PBXGroup section */

/* Begin PBXNativeTarget section */
		05F0D8442CAFC0E50043B68E /* PinterestLayout */ = {
			isa = PBXNativeTarget;
			buildConfigurationList = 05F0D8592CAFC0E50043B68E /* Build configuration list for PBXNativeTarget "PinterestLayout" */;
			buildPhases = (
				E9C38B8FD002F659C9C9C721 /* [CP] Check Pods Manifest.lock */,
				05F0D8412CAFC0E50043B68E /* Sources */,
				05F0D8422CAFC0E50043B68E /* Frameworks */,
				05F0D8432CAFC0E50043B68E /* Resources */,
				9CC223CA815919C7E0D951F7 /* [CP] Embed Pods Frameworks */,
			);
			buildRules = (
			);
			dependencies = (
			);
			name = PinterestLayout;
			productName = PinterestLayout;
			productReference = 05F0D8452CAFC0E50043B68E /* PinterestLayout.app */;
			productType = "com.apple.product-type.application";
		};
/* End PBXNativeTarget section */

/* Begin PBXProject section */
		05F0D83D2CAFC0E50043B68E /* Project object */ = {
			isa = PBXProject;
			attributes = {
				BuildIndependentTargetsInParallel = 1;
				LastSwiftUpdateCheck = 1500;
				LastUpgradeCheck = 1500;
				TargetAttributes = {
					05F0D8442CAFC0E50043B68E = {
						CreatedOnToolsVersion = 15.0.1;
					};
				};
			};
			buildConfigurationList = 05F0D8402CAFC0E50043B68E /* Build configuration list for PBXProject "PinterestLayout" */;
			compatibilityVersion = "Xcode 14.0";
			developmentRegion = en;
			hasScannedForEncodings = 0;
			knownRegions = (
				en,
				Base,
			);
			mainGroup = 05F0D83C2CAFC0E50043B68E;
			productRefGroup = 05F0D8462CAFC0E50043B68E /* Products */;
			projectDirPath = "";
			projectRoot = "";
			targets = (
				05F0D8442CAFC0E50043B68E /* PinterestLayout */,
			);
		};
/* End PBXProject section */

/* Begin PBXResourcesBuildPhase section */
		05F0D8432CAFC0E50043B68E /* Resources */ = {
			isa = PBXResourcesBuildPhase;
			buildActionMask = 2147483647;
			files = (
				05F0D8552CAFC0E50043B68E /* LaunchScreen.storyboard in Resources */,
				05F0D8652CAFC5EE0043B68E /* PretendardVariable.ttf in Resources */,
				05F0D8522CAFC0E50043B68E /* Assets.xcassets in Resources */,
				05F0D8502CAFC0E50043B68E /* Main.storyboard in Resources */,
			);
			runOnlyForDeploymentPostprocessing = 0;
		};
/* End PBXResourcesBuildPhase section */

/* Begin PBXShellScriptBuildPhase section */
		9CC223CA815919C7E0D951F7 /* [CP] Embed Pods Frameworks */ = {
			isa = PBXShellScriptBuildPhase;
			buildActionMask = 2147483647;
			files = (
			);
			inputFileListPaths = (
				"${PODS_ROOT}/Target Support Files/Pods-PinterestLayout/Pods-PinterestLayout-frameworks-${CONFIGURATION}-input-files.xcfilelist",
			);
			name = "[CP] Embed Pods Frameworks";
			outputFileListPaths = (
				"${PODS_ROOT}/Target Support Files/Pods-PinterestLayout/Pods-PinterestLayout-frameworks-${CONFIGURATION}-output-files.xcfilelist",
			);
			runOnlyForDeploymentPostprocessing = 0;
			shellPath = /bin/sh;
			shellScript = "\"${PODS_ROOT}/Target Support Files/Pods-PinterestLayout/Pods-PinterestLayout-frameworks.sh\"\n";
			showEnvVarsInLog = 0;
		};
		E9C38B8FD002F659C9C9C721 /* [CP] Check Pods Manifest.lock */ = {
			isa = PBXShellScriptBuildPhase;
			buildActionMask = 2147483647;
			files = (
			);
			inputFileListPaths = (
			);
			inputPaths = (
				"${PODS_PODFILE_DIR_PATH}/Podfile.lock",
				"${PODS_ROOT}/Manifest.lock",
			);
			name = "[CP] Check Pods Manifest.lock";
			outputFileListPaths = (
			);
			outputPaths = (
				"$(DERIVED_FILE_DIR)/Pods-PinterestLayout-checkManifestLockResult.txt",
			);
			runOnlyForDeploymentPostprocessing = 0;
			shellPath = /bin/sh;
			shellScript = "diff \"${PODS_PODFILE_DIR_PATH}/Podfile.lock\" \"${PODS_ROOT}/Manifest.lock\" > /dev/null\nif [ $? != 0 ] ; then\n    # print error to STDERR\n    echo \"error: The sandbox is not in sync with the Podfile.lock. Run 'pod install' or update your CocoaPods installation.\" >&2\n    exit 1\nfi\n# This output is used by Xcode 'outputs' to avoid re-running this script phase.\necho \"SUCCESS\" > \"${SCRIPT_OUTPUT_FILE_0}\"\n";
			showEnvVarsInLog = 0;
		};
/* End PBXShellScriptBuildPhase section */

/* Begin PBXSourcesBuildPhase section */
		05F0D8412CAFC0E50043B68E /* Sources */ = {
			isa = PBXSourcesBuildPhase;
			buildActionMask = 2147483647;
			files = (
				05F0D84D2CAFC0E50043B68E /* ViewController.swift in Sources */,
				05F0D8492CAFC0E50043B68E /* AppDelegate.swift in Sources */,
				05F0D85F2CAFC3150043B68E /* SupportingMethods.swift in Sources */,
				05F0D8632CAFC3FE0043B68E /* ImageCollectionViewCell.swift in Sources */,
				05F0D8612CAFC3A20043B68E /* PinterestLayout.swift in Sources */,
				05F0D84B2CAFC0E50043B68E /* SceneDelegate.swift in Sources */,
				05F0D85E2CAFC3150043B68E /* ReferenceValues.swift in Sources */,
			);
			runOnlyForDeploymentPostprocessing = 0;
		};
/* End PBXSourcesBuildPhase section */

/* Begin PBXVariantGroup section */
		05F0D84E2CAFC0E50043B68E /* Main.storyboard */ = {
			isa = PBXVariantGroup;
			children = (
				05F0D84F2CAFC0E50043B68E /* Base */,
			);
			name = Main.storyboard;
			sourceTree = "<group>";
		};
		05F0D8532CAFC0E50043B68E /* LaunchScreen.storyboard */ = {
			isa = PBXVariantGroup;
			children = (
				05F0D8542CAFC0E50043B68E /* Base */,
			);
			name = LaunchScreen.storyboard;
			sourceTree = "<group>";
		};
/* End PBXVariantGroup section */

/* Begin XCBuildConfiguration section */
		05F0D8572CAFC0E50043B68E /* Debug */ = {
			isa = XCBuildConfiguration;
			buildSettings = {
				ALWAYS_SEARCH_USER_PATHS = NO;
				ASSETCATALOG_COMPILER_GENERATE_SWIFT_ASSET_SYMBOL_EXTENSIONS = YES;
				CLANG_ANALYZER_NONNULL = YES;
				CLANG_ANALYZER_NUMBER_OBJECT_CONVERSION = YES_AGGRESSIVE;
				CLANG_CXX_LANGUAGE_STANDARD = "gnu++20";
				CLANG_ENABLE_MODULES = YES;
				CLANG_ENABLE_OBJC_ARC = YES;
				CLANG_ENABLE_OBJC_WEAK = YES;
				CLANG_WARN_BLOCK_CAPTURE_AUTORELEASING = YES;
				CLANG_WARN_BOOL_CONVERSION = YES;
				CLANG_WARN_COMMA = YES;
				CLANG_WARN_CONSTANT_CONVERSION = YES;
				CLANG_WARN_DEPRECATED_OBJC_IMPLEMENTATIONS = YES;
				CLANG_WARN_DIRECT_OBJC_ISA_USAGE = YES_ERROR;
				CLANG_WARN_DOCUMENTATION_COMMENTS = YES;
				CLANG_WARN_EMPTY_BODY = YES;
				CLANG_WARN_ENUM_CONVERSION = YES;
				CLANG_WARN_INFINITE_RECURSION = YES;
				CLANG_WARN_INT_CONVERSION = YES;
				CLANG_WARN_NON_LITERAL_NULL_CONVERSION = YES;
				CLANG_WARN_OBJC_IMPLICIT_RETAIN_SELF = YES;
				CLANG_WARN_OBJC_LITERAL_CONVERSION = YES;
				CLANG_WARN_OBJC_ROOT_CLASS = YES_ERROR;
				CLANG_WARN_QUOTED_INCLUDE_IN_FRAMEWORK_HEADER = YES;
				CLANG_WARN_RANGE_LOOP_ANALYSIS = YES;
				CLANG_WARN_STRICT_PROTOTYPES = YES;
				CLANG_WARN_SUSPICIOUS_MOVE = YES;
				CLANG_WARN_UNGUARDED_AVAILABILITY = YES_AGGRESSIVE;
				CLANG_WARN_UNREACHABLE_CODE = YES;
				CLANG_WARN__DUPLICATE_METHOD_MATCH = YES;
				COPY_PHASE_STRIP = NO;
				DEBUG_INFORMATION_FORMAT = dwarf;
				ENABLE_STRICT_OBJC_MSGSEND = YES;
				ENABLE_TESTABILITY = YES;
				ENABLE_USER_SCRIPT_SANDBOXING = NO;
				GCC_C_LANGUAGE_STANDARD = gnu17;
				GCC_DYNAMIC_NO_PIC = NO;
				GCC_NO_COMMON_BLOCKS = YES;
				GCC_OPTIMIZATION_LEVEL = 0;
				GCC_PREPROCESSOR_DEFINITIONS = (
					"DEBUG=1",
					"$(inherited)",
				);
				GCC_WARN_64_TO_32_BIT_CONVERSION = YES;
				GCC_WARN_ABOUT_RETURN_TYPE = YES_ERROR;
				GCC_WARN_UNDECLARED_SELECTOR = YES;
				GCC_WARN_UNINITIALIZED_AUTOS = YES_AGGRESSIVE;
				GCC_WARN_UNUSED_FUNCTION = YES;
				GCC_WARN_UNUSED_VARIABLE = YES;
				IPHONEOS_DEPLOYMENT_TARGET = 17.0;
				LOCALIZATION_PREFERS_STRING_CATALOGS = YES;
				MTL_ENABLE_DEBUG_INFO = INCLUDE_SOURCE;
				MTL_FAST_MATH = YES;
				ONLY_ACTIVE_ARCH = YES;
				SDKROOT = iphoneos;
				SWIFT_ACTIVE_COMPILATION_CONDITIONS = "DEBUG $(inherited)";
				SWIFT_OPTIMIZATION_LEVEL = "-Onone";
			};
			name = Debug;
		};
		05F0D8582CAFC0E50043B68E /* Release */ = {
			isa = XCBuildConfiguration;
			buildSettings = {
				ALWAYS_SEARCH_USER_PATHS = NO;
				ASSETCATALOG_COMPILER_GENERATE_SWIFT_ASSET_SYMBOL_EXTENSIONS = YES;
				CLANG_ANALYZER_NONNULL = YES;
				CLANG_ANALYZER_NUMBER_OBJECT_CONVERSION = YES_AGGRESSIVE;
				CLANG_CXX_LANGUAGE_STANDARD = "gnu++20";
				CLANG_ENABLE_MODULES = YES;
				CLANG_ENABLE_OBJC_ARC = YES;
				CLANG_ENABLE_OBJC_WEAK = YES;
				CLANG_WARN_BLOCK_CAPTURE_AUTORELEASING = YES;
				CLANG_WARN_BOOL_CONVERSION = YES;
				CLANG_WARN_COMMA = YES;
				CLANG_WARN_CONSTANT_CONVERSION = YES;
				CLANG_WARN_DEPRECATED_OBJC_IMPLEMENTATIONS = YES;
				CLANG_WARN_DIRECT_OBJC_ISA_USAGE = YES_ERROR;
				CLANG_WARN_DOCUMENTATION_COMMENTS = YES;
				CLANG_WARN_EMPTY_BODY = YES;
				CLANG_WARN_ENUM_CONVERSION = YES;
				CLANG_WARN_INFINITE_RECURSION = YES;
				CLANG_WARN_INT_CONVERSION = YES;
				CLANG_WARN_NON_LITERAL_NULL_CONVERSION = YES;
				CLANG_WARN_OBJC_IMPLICIT_RETAIN_SELF = YES;
				CLANG_WARN_OBJC_LITERAL_CONVERSION = YES;
				CLANG_WARN_OBJC_ROOT_CLASS = YES_ERROR;
				CLANG_WARN_QUOTED_INCLUDE_IN_FRAMEWORK_HEADER = YES;
				CLANG_WARN_RANGE_LOOP_ANALYSIS = YES;
				CLANG_WARN_STRICT_PROTOTYPES = YES;
				CLANG_WARN_SUSPICIOUS_MOVE = YES;
				CLANG_WARN_UNGUARDED_AVAILABILITY = YES_AGGRESSIVE;
				CLANG_WARN_UNREACHABLE_CODE = YES;
				CLANG_WARN__DUPLICATE_METHOD_MATCH = YES;
				COPY_PHASE_STRIP = NO;
				DEBUG_INFORMATION_FORMAT = "dwarf-with-dsym";
				ENABLE_NS_ASSERTIONS = NO;
				ENABLE_STRICT_OBJC_MSGSEND = YES;
				ENABLE_USER_SCRIPT_SANDBOXING = NO;
				GCC_C_LANGUAGE_STANDARD = gnu17;
				GCC_NO_COMMON_BLOCKS = YES;
				GCC_WARN_64_TO_32_BIT_CONVERSION = YES;
				GCC_WARN_ABOUT_RETURN_TYPE = YES_ERROR;
				GCC_WARN_UNDECLARED_SELECTOR = YES;
				GCC_WARN_UNINITIALIZED_AUTOS = YES_AGGRESSIVE;
				GCC_WARN_UNUSED_FUNCTION = YES;
				GCC_WARN_UNUSED_VARIABLE = YES;
				IPHONEOS_DEPLOYMENT_TARGET = 17.0;
				LOCALIZATION_PREFERS_STRING_CATALOGS = YES;
				MTL_ENABLE_DEBUG_INFO = NO;
				MTL_FAST_MATH = YES;
				SDKROOT = iphoneos;
				SWIFT_COMPILATION_MODE = wholemodule;
				VALIDATE_PRODUCT = YES;
			};
			name = Release;
		};
		05F0D85A2CAFC0E50043B68E /* Debug */ = {
			isa = XCBuildConfiguration;
			baseConfigurationReference = 371EBB99239EE9ADC6E21BCF /* Pods-PinterestLayout.debug.xcconfig */;
			buildSettings = {
				ASSETCATALOG_COMPILER_APPICON_NAME = AppIcon;
				ASSETCATALOG_COMPILER_GLOBAL_ACCENT_COLOR_NAME = AccentColor;
				CODE_SIGN_STYLE = Automatic;
				CURRENT_PROJECT_VERSION = 1;
				DEVELOPMENT_TEAM = 3C347T67DV;
				GENERATE_INFOPLIST_FILE = YES;
				INFOPLIST_FILE = PinterestLayout/Info.plist;
				INFOPLIST_KEY_UIApplicationSupportsIndirectInputEvents = YES;
				INFOPLIST_KEY_UILaunchStoryboardName = LaunchScreen;
				INFOPLIST_KEY_UIMainStoryboardFile = Main;
				INFOPLIST_KEY_UISupportedInterfaceOrientations_iPad = "UIInterfaceOrientationPortrait UIInterfaceOrientationPortraitUpsideDown UIInterfaceOrientationLandscapeLeft UIInterfaceOrientationLandscapeRight";
				INFOPLIST_KEY_UISupportedInterfaceOrientations_iPhone = "UIInterfaceOrientationPortrait UIInterfaceOrientationLandscapeLeft UIInterfaceOrientationLandscapeRight";
				INFOPLIST_KEY_UIUserInterfaceStyle = Light;
				LD_RUNPATH_SEARCH_PATHS = (
					"$(inherited)",
					"@executable_path/Frameworks",
				);
				MARKETING_VERSION = 1.0;
				PRODUCT_BUNDLE_IDENTIFIER = com.jusung.PinterestLayout;
				PRODUCT_NAME = "$(TARGET_NAME)";
				SWIFT_EMIT_LOC_STRINGS = YES;
				SWIFT_VERSION = 5.0;
				TARGETED_DEVICE_FAMILY = "1,2";
			};
			name = Debug;
		};
		05F0D85B2CAFC0E50043B68E /* Release */ = {
			isa = XCBuildConfiguration;
			baseConfigurationReference = C9E47A1A6057EA7B07F46A90 /* Pods-PinterestLayout.release.xcconfig */;
			buildSettings = {
				ASSETCATALOG_COMPILER_APPICON_NAME = AppIcon;
				ASSETCATALOG_COMPILER_GLOBAL_ACCENT_COLOR_NAME = AccentColor;
				CODE_SIGN_STYLE = Automatic;
				CURRENT_PROJECT_VERSION = 1;
				DEVELOPMENT_TEAM = 3C347T67DV;
				GENERATE_INFOPLIST_FILE = YES;
				INFOPLIST_FILE = PinterestLayout/Info.plist;
				INFOPLIST_KEY_UIApplicationSupportsIndirectInputEvents = YES;
				INFOPLIST_KEY_UILaunchStoryboardName = LaunchScreen;
				INFOPLIST_KEY_UIMainStoryboardFile = Main;
				INFOPLIST_KEY_UISupportedInterfaceOrientations_iPad = "UIInterfaceOrientationPortrait UIInterfaceOrientationPortraitUpsideDown UIInterfaceOrientationLandscapeLeft UIInterfaceOrientationLandscapeRight";
				INFOPLIST_KEY_UISupportedInterfaceOrientations_iPhone = "UIInterfaceOrientationPortrait UIInterfaceOrientationLandscapeLeft UIInterfaceOrientationLandscapeRight";
				INFOPLIST_KEY_UIUserInterfaceStyle = Light;
				LD_RUNPATH_SEARCH_PATHS = (
					"$(inherited)",
					"@executable_path/Frameworks",
				);
				MARKETING_VERSION = 1.0;
				PRODUCT_BUNDLE_IDENTIFIER = com.jusung.PinterestLayout;
				PRODUCT_NAME = "$(TARGET_NAME)";
				SWIFT_EMIT_LOC_STRINGS = YES;
				SWIFT_VERSION = 5.0;
				TARGETED_DEVICE_FAMILY = "1,2";
			};
			name = Release;
		};
/* End XCBuildConfiguration section */

/* Begin XCConfigurationList section */
		05F0D8402CAFC0E50043B68E /* Build configuration list for PBXProject "PinterestLayout" */ = {
			isa = XCConfigurationList;
			buildConfigurations = (
				05F0D8572CAFC0E50043B68E /* Debug */,
				05F0D8582CAFC0E50043B68E /* Release */,
			);
			defaultConfigurationIsVisible = 0;
			defaultConfigurationName = Release;
		};
		05F0D8592CAFC0E50043B68E /* Build configuration list for PBXNativeTarget "PinterestLayout" */ = {
			isa = XCConfigurationList;
			buildConfigurations = (
				05F0D85A2CAFC0E50043B68E /* Debug */,
				05F0D85B2CAFC0E50043B68E /* Release */,
			);
			defaultConfigurationIsVisible = 0;
			defaultConfigurationName = Release;
		};
/* End XCConfigurationList section */
	};
	rootObject = 05F0D83D2CAFC0E50043B68E /* Project object */;
}
